
Microsoft Visual Studio Solution File, Format Version 12.00
# Visual Studio Version 17
VisualStudioVersion = 17.8.34316.72
MinimumVisualStudioVersion = 10.0.40219.1
Project("{FAE04EC0-301F-11D3-BF4B-00C04F79EFBC}") = "message sender thingy", "message sender thingy.csproj", "{01A96F46-F907-40A1-9A3E-A4D0D28CE384}"
EndProject
Global
	GlobalSection(SolutionConfigurationPlatforms) = preSolution
		Debug|Any CPU = Debug|Any CPU
		Release|Any CPU = Release|Any CPU
	EndGlobalSection
	GlobalSection(ProjectConfigurationPlatforms) = postSolution
		{01A96F46-F907-40A1-9A3E-A4D0D28CE384}.Debug|Any CPU.ActiveCfg = Debug|Any CPU
		{01A96F46-F907-40A1-9A3E-A4D0D28CE384}.Debug|Any CPU.Build.0 = Debug|Any CPU
		{01A96F46-F907-40A1-9A3E-A4D0D28CE384}.Release|Any CPU.ActiveCfg = Release|Any CPU
		{01A96F46-F907-40A1-9A3E-A4D0D28CE384}.Release|Any CPU.Build.0 = Release|Any CPU
	EndGlobalSection
	GlobalSection(SolutionProperties) = preSolution
		HideSolutionNode = FALSE
	EndGlobalSection
	GlobalSection(ExtensibilityGlobals) = postSolution
		SolutionGuid = {738C8E42-D960-4475-96A2-3E705F869ECC}
	EndGlobalSection
EndGlobal
