
Microsoft Visual Studio Solution File, Format Version 12.00
# Visual Studio Version 17
VisualStudioVersion = 17.8.34316.72
MinimumVisualStudioVersion = 10.0.40219.1
Project("{FAE04EC0-301F-11D3-BF4B-00C04F79EFBC}") = "client thingy", "client thingy.csproj", "{AE070ADB-C33C-4E97-88AA-AA95658C0903}"
EndProject
Global
	GlobalSection(SolutionConfigurationPlatforms) = preSolution
		Debug|Any CPU = Debug|Any CPU
		Release|Any CPU = Release|Any CPU
	EndGlobalSection
	GlobalSection(ProjectConfigurationPlatforms) = postSolution
		{AE070ADB-C33C-4E97-88AA-AA95658C0903}.Debug|Any CPU.ActiveCfg = Debug|Any CPU
		{AE070ADB-C33C-4E97-88AA-AA95658C0903}.Debug|Any CPU.Build.0 = Debug|Any CPU
		{AE070ADB-C33C-4E97-88AA-AA95658C0903}.Release|Any CPU.ActiveCfg = Release|Any CPU
		{AE070ADB-C33C-4E97-88AA-AA95658C0903}.Release|Any CPU.Build.0 = Release|Any CPU
	EndGlobalSection
	GlobalSection(SolutionProperties) = preSolution
		HideSolutionNode = FALSE
	EndGlobalSection
	GlobalSection(ExtensibilityGlobals) = postSolution
		SolutionGuid = {8C6E96F1-3D9F-4595-9390-59CBC50CE238}
	EndGlobalSection
EndGlobal
