
Microsoft Visual Studio Solution File, Format Version 12.00
# Visual Studio Version 17
VisualStudioVersion = 17.8.34316.72
MinimumVisualStudioVersion = 10.0.40219.1
Project("{FAE04EC0-301F-11D3-BF4B-00C04F79EFBC}") = "crossform", "crossform\crossform.csproj", "{FEDA3A11-FB92-40F1-86C8-1ACDA81EE61D}"
EndProject
Global
	GlobalSection(SolutionConfigurationPlatforms) = preSolution
		Debug|Any CPU = Debug|Any CPU
		Release|Any CPU = Release|Any CPU
	EndGlobalSection
	GlobalSection(ProjectConfigurationPlatforms) = postSolution
		{FEDA3A11-FB92-40F1-86C8-1ACDA81EE61D}.Debug|Any CPU.ActiveCfg = Debug|Any CPU
		{FEDA3A11-FB92-40F1-86C8-1ACDA81EE61D}.Debug|Any CPU.Build.0 = Debug|Any CPU
		{FEDA3A11-FB92-40F1-86C8-1ACDA81EE61D}.Release|Any CPU.ActiveCfg = Release|Any CPU
		{FEDA3A11-FB92-40F1-86C8-1ACDA81EE61D}.Release|Any CPU.Build.0 = Release|Any CPU
	EndGlobalSection
	GlobalSection(SolutionProperties) = preSolution
		HideSolutionNode = FALSE
	EndGlobalSection
	GlobalSection(ExtensibilityGlobals) = postSolution
		SolutionGuid = {FBA976E9-3B44-4EE4-A7DF-BA94C954DB8B}
	EndGlobalSection
EndGlobal
